
Microsoft Visual Studio Solution File, Format Version 12.00
# Visual Studio Version 17
VisualStudioVersion = 17.14.36414.22 d17.14
MinimumVisualStudioVersion = 10.0.40219.1
Project("{FAE04EC0-301F-11D3-BF4B-00C04F79EFBC}") = "Project1", "Project1.csproj", "{DA62DD81-60BC-4FEC-B978-0CB260F51E8C}"
EndProject
Global
	GlobalSection(SolutionConfigurationPlatforms) = preSolution
		Debug|Any CPU = Debug|Any CPU
		Release|Any CPU = Release|Any CPU
	EndGlobalSection
	GlobalSection(ProjectConfigurationPlatforms) = postSolution
		{DA62DD81-60BC-4FEC-B978-0CB260F51E8C}.Debug|Any CPU.ActiveCfg = Debug|Any CPU
		{DA62DD81-60BC-4FEC-B978-0CB260F51E8C}.Debug|Any CPU.Build.0 = Debug|Any CPU
		{DA62DD81-60BC-4FEC-B978-0CB260F51E8C}.Release|Any CPU.ActiveCfg = Release|Any CPU
		{DA62DD81-60BC-4FEC-B978-0CB260F51E8C}.Release|Any CPU.Build.0 = Release|Any CPU
	EndGlobalSection
	GlobalSection(SolutionProperties) = preSolution
		HideSolutionNode = FALSE
	EndGlobalSection
	GlobalSection(ExtensibilityGlobals) = postSolution
		SolutionGuid = {0185C064-DCA0-4B17-BDDF-C84EC7C402A1}
	EndGlobalSection
EndGlobal
