
Microsoft Visual Studio Solution File, Format Version 12.00
# Visual Studio Version 17
VisualStudioVersion = 17.14.36414.22 d17.14
MinimumVisualStudioVersion = 10.0.40219.1
Project("{FAE04EC0-301F-11D3-BF4B-00C04F79EFBC}") = "Project2", "Project2.csproj", "{F8FDFB12-39E2-4226-BB84-8C7965A96845}"
EndProject
Global
	GlobalSection(SolutionConfigurationPlatforms) = preSolution
		Debug|Any CPU = Debug|Any CPU
		Release|Any CPU = Release|Any CPU
	EndGlobalSection
	GlobalSection(ProjectConfigurationPlatforms) = postSolution
		{F8FDFB12-39E2-4226-BB84-8C7965A96845}.Debug|Any CPU.ActiveCfg = Debug|Any CPU
		{F8FDFB12-39E2-4226-BB84-8C7965A96845}.Debug|Any CPU.Build.0 = Debug|Any CPU
		{F8FDFB12-39E2-4226-BB84-8C7965A96845}.Release|Any CPU.ActiveCfg = Release|Any CPU
		{F8FDFB12-39E2-4226-BB84-8C7965A96845}.Release|Any CPU.Build.0 = Release|Any CPU
	EndGlobalSection
	GlobalSection(SolutionProperties) = preSolution
		HideSolutionNode = FALSE
	EndGlobalSection
	GlobalSection(ExtensibilityGlobals) = postSolution
		SolutionGuid = {52CCAADE-C432-44F7-8605-3C5C70FC0416}
	EndGlobalSection
EndGlobal
